
Microsoft Visual Studio Solution File, Format Version 12.00
Project("{FAE04EC0-301F-11D3-BF4B-00C04F79EFBC}") = "AvaloniaFlyoutPerfMinimalRepro", "AvaloniaFlyoutPerfMinimalRepro\AvaloniaFlyoutPerfMinimalRepro.csproj", "{61F346AA-D5AA-4315-9A10-C66BA6A0761B}"
EndProject
Global
	GlobalSection(SolutionConfigurationPlatforms) = preSolution
		Debug|Any CPU = Debug|Any CPU
		Release|Any CPU = Release|Any CPU
	EndGlobalSection
	GlobalSection(ProjectConfigurationPlatforms) = postSolution
		{61F346AA-D5AA-4315-9A10-C66BA6A0761B}.Debug|Any CPU.ActiveCfg = Debug|Any CPU
		{61F346AA-D5AA-4315-9A10-C66BA6A0761B}.Debug|Any CPU.Build.0 = Debug|Any CPU
		{61F346AA-D5AA-4315-9A10-C66BA6A0761B}.Release|Any CPU.ActiveCfg = Release|Any CPU
		{61F346AA-D5AA-4315-9A10-C66BA6A0761B}.Release|Any CPU.Build.0 = Release|Any CPU
	EndGlobalSection
EndGlobal
